
Microsoft Visual Studio Solution File, Format Version 12.00
# Visual Studio Version 17
VisualStudioVersion = 17.9.34622.214
MinimumVisualStudioVersion = 10.0.40219.1
Project("{FAE04EC0-301F-11D3-BF4B-00C04F79EFBC}") = "SampleNorthwindApp", "SampleNorthwindApp\SampleNorthwindApp.csproj", "{7439CBA5-A281-4A74-B22E-C0E257951536}"
EndProject
Global
	GlobalSection(SolutionConfigurationPlatforms) = preSolution
		Debug|Any CPU = Debug|Any CPU
		Release|Any CPU = Release|Any CPU
	EndGlobalSection
	GlobalSection(ProjectConfigurationPlatforms) = postSolution
		{7439CBA5-A281-4A74-B22E-C0E257951536}.Debug|Any CPU.ActiveCfg = Debug|Any CPU
		{7439CBA5-A281-4A74-B22E-C0E257951536}.Debug|Any CPU.Build.0 = Debug|Any CPU
		{7439CBA5-A281-4A74-B22E-C0E257951536}.Release|Any CPU.ActiveCfg = Release|Any CPU
		{7439CBA5-A281-4A74-B22E-C0E257951536}.Release|Any CPU.Build.0 = Release|Any CPU
	EndGlobalSection
	GlobalSection(SolutionProperties) = preSolution
		HideSolutionNode = FALSE
	EndGlobalSection
	GlobalSection(ExtensibilityGlobals) = postSolution
		SolutionGuid = {BE670C74-DE6A-4CF3-8DDB-7487A81EE750}
	EndGlobalSection
EndGlobal
